// !$*UTF8*$!
{
	archiveVersion = 1;
	classes = {
	};
	objectVersion = 46;
	objects = {

/* Begin PBXBuildFile section */
		D8FC776C1993221D00F57793 /* AppDelegate.swift in Sources */ = {isa = PBXBuildFile; fileRef = D8FC776B1993221D00F57793 /* AppDelegate.swift */; };
		D8FC776E1993221D00F57793 /* ViewController.swift in Sources */ = {isa = PBXBuildFile; fileRef = D8FC776D1993221D00F57793 /* ViewController.swift */; };
		D8FC77711993221D00F57793 /* Main.storyboard in Resources */ = {isa = PBXBuildFile; fileRef = D8FC776F1993221D00F57793 /* Main.storyboard */; };
		D8FC77731993221D00F57793 /* Images.xcassets in Resources */ = {isa = PBXBuildFile; fileRef = D8FC77721993221D00F57793 /* Images.xcassets */; };
		D8FC777F1993221D00F57793 /* GitTestTests.swift in Sources */ = {isa = PBXBuildFile; fileRef = D8FC777E1993221D00F57793 /* GitTestTests.swift */; };
/* End PBXBuildFile section */

/* Begin PBXContainerItemProxy section */
		D8FC77791993221D00F57793 /* PBXContainerItemProxy */ = {
			isa = PBXContainerItemProxy;
			containerPortal = D8FC775E1993221D00F57793 /* Project object */;
			proxyType = 1;
			remoteGlobalIDString = D8FC77651993221D00F57793;
			remoteInfo = GitTest;
		};
/* End PBXContainerItemProxy section */

/* Begin PBXFileReference section */
		D8FC77661993221D00F57793 /* GitTest.app */ = {isa = PBXFileReference; explicitFileType = wrapper.application; includeInIndex = 0; path = GitTest.app; sourceTree = BUILT_PRODUCTS_DIR; };
		D8FC776A1993221D00F57793 /* Info.plist */ = {isa = PBXFileReference; lastKnownFileType = text.plist.xml; path = Info.plist; sourceTree = "<group>"; };
		D8FC776B1993221D00F57793 /* AppDelegate.swift */ = {isa = PBXFileReference; lastKnownFileType = sourcecode.swift; path = AppDelegate.swift; sourceTree = "<group>"; };
		D8FC776D1993221D00F57793 /* ViewController.swift */ = {isa = PBXFileReference; lastKnownFileType = sourcecode.swift; path = ViewController.swift; sourceTree = "<group>"; };
		D8FC77701993221D00F57793 /* Base */ = {isa = PBXFileReference; lastKnownFileType = file.storyboard; name = Base; path = Base.lproj/Main.storyboard; sourceTree = "<group>"; };
		D8FC77721993221D00F57793 /* Images.xcassets */ = {isa = PBXFileReference; lastKnownFileType = folder.assetcatalog; path = Images.xcassets; sourceTree = "<group>"; };
		D8FC77781993221D00F57793 /* GitTestTests.xctest */ = {isa = PBXFileReference; explicitFileType = wrapper.cfbundle; includeInIndex = 0; path = GitTestTests.xctest; sourceTree = BUILT_PRODUCTS_DIR; };
		D8FC777D1993221D00F57793 /* Info.plist */ = {isa = PBXFileReference; lastKnownFileType = text.plist.xml; path = Info.plist; sourceTree = "<group>"; };
		D8FC777E1993221D00F57793 /* GitTestTests.swift */ = {isa = PBXFileReference; lastKnownFileType = sourcecode.swift; path = GitTestTests.swift; sourceTree = "<group>"; };
/* End PBXFileReference section */

/* Begin PBXFrameworksBuildPhase section */
		D8FC77631993221D00F57793 /* Frameworks */ = {
			isa = PBXFrameworksBuildPhase;
			buildActionMask = 2147483647;
			files = (
			);
			runOnlyForDeploymentPostprocessing = 0;
		};
		D8FC77751993221D00F57793 /* Frameworks */ = {
			isa = PBXFrameworksBuildPhase;
			buildActionMask = 2147483647;
			files = (
			);
			runOnlyForDeploymentPostprocessing = 0;
		};
/* End PBXFrameworksBuildPhase section */

/* Begin PBXGroup section */
		D8FC775D1993221D00F57793 = {
			isa = PBXGroup;
			children = (
				D8FC77681993221D00F57793 /* GitTest */,
				D8FC777B1993221D00F57793 /* GitTestTests */,
				D8FC77671993221D00F57793 /* Products */,
			);
			sourceTree = "<group>";
		};
		D8FC77671993221D00F57793 /* Products */ = {
			isa = PBXGroup;
			children = (
				D8FC77661993221D00F57793 /* GitTest.app */,
				D8FC77781993221D00F57793 /* GitTestTests.xctest */,
			);
			name = Products;
			sourceTree = "<group>";
		};
		D8FC77681993221D00F57793 /* GitTest */ = {
			isa = PBXGroup;
			children = (
				D8FC776B1993221D00F57793 /* AppDelegate.swift */,
				D8FC776D1993221D00F57793 /* ViewController.swift */,
				D8FC776F1993221D00F57793 /* Main.storyboard */,
				D8FC77721993221D00F57793 /* Images.xcassets */,
				D8FC77691993221D00F57793 /* Supporting Files */,
			);
			path = GitTest;
			sourceTree = "<group>";
		};
		D8FC77691993221D00F57793 /* Supporting Files */ = {
			isa = PBXGroup;
			children = (
				D8FC776A1993221D00F57793 /* Info.plist */,
			);
			name = "Supporting Files";
			sourceTree = "<group>";
		};
		D8FC777B1993221D00F57793 /* GitTestTests */ = {
			isa = PBXGroup;
			children = (
				D8FC777E1993221D00F57793 /* GitTestTests.swift */,
				D8FC777C1993221D00F57793 /* Supporting Files */,
			);
			path = GitTestTests;
			sourceTree = "<group>";
		};
		D8FC777C1993221D00F57793 /* Supporting Files */ = {
			isa = PBXGroup;
			children = (
				D8FC777D1993221D00F57793 /* Info.plist */,
			);
			name = "Supporting Files";
			sourceTree = "<group>";
		};
/* End PBXGroup section */

/* Begin PBXNativeTarget section */
		D8FC77651993221D00F57793 /* GitTest */ = {
			isa = PBXNativeTarget;
			buildConfigurationList = D8FC77821993221D00F57793 /* Build configuration list for PBXNativeTarget "GitTest" */;
			buildPhases = (
				D8FC77621993221D00F57793 /* Sources */,
				D8FC77631993221D00F57793 /* Frameworks */,
				D8FC77641993221D00F57793 /* Resources */,
			);
			buildRules = (
			);
			dependencies = (
			);
			name = GitTest;
			productName = GitTest;
			productReference = D8FC77661993221D00F57793 /* GitTest.app */;
			productType = "com.apple.product-type.application";
		};
		D8FC77771993221D00F57793 /* GitTestTests */ = {
			isa = PBXNativeTarget;
			buildConfigurationList = D8FC77851993221D00F57793 /* Build configuration list for PBXNativeTarget "GitTestTests" */;
			buildPhases = (
				D8FC77741993221D00F57793 /* Sources */,
				D8FC77751993221D00F57793 /* Frameworks */,
				D8FC77761993221D00F57793 /* Resources */,
			);
			buildRules = (
			);
			dependencies = (
				D8FC777A1993221D00F57793 /* PBXTargetDependency */,
			);
			name = GitTestTests;
			productName = GitTestTests;
			productReference = D8FC77781993221D00F57793 /* GitTestTests.xctest */;
			productType = "com.apple.product-type.bundle.unit-test";
		};
/* End PBXNativeTarget section */

/* Begin PBXProject section */
		D8FC775E1993221D00F57793 /* Project object */ = {
			isa = PBXProject;
			attributes = {
				LastUpgradeCheck = 0600;
				ORGANIZATIONNAME = Nathan;
				TargetAttributes = {
					D8FC77651993221D00F57793 = {
						CreatedOnToolsVersion = 6.0;
					};
					D8FC77771993221D00F57793 = {
						CreatedOnToolsVersion = 6.0;
						TestTargetID = D8FC77651993221D00F57793;
					};
				};
			};
			buildConfigurationList = D8FC77611993221D00F57793 /* Build configuration list for PBXProject "GitTest" */;
			compatibilityVersion = "Xcode 3.2";
			developmentRegion = English;
			hasScannedForEncodings = 0;
			knownRegions = (
				en,
				Base,
			);
			mainGroup = D8FC775D1993221D00F57793;
			productRefGroup = D8FC77671993221D00F57793 /* Products */;
			projectDirPath = "";
			projectRoot = "";
			targets = (
				D8FC77651993221D00F57793 /* GitTest */,
				D8FC77771993221D00F57793 /* GitTestTests */,
			);
		};
/* End PBXProject section */

/* Begin PBXResourcesBuildPhase section */
		D8FC77641993221D00F57793 /* Resources */ = {
			isa = PBXResourcesBuildPhase;
			buildActionMask = 2147483647;
			files = (
				D8FC77711993221D00F57793 /* Main.storyboard in Resources */,
				D8FC77731993221D00F57793 /* Images.xcassets in Resources */,
			);
			runOnlyForDeploymentPostprocessing = 0;
		};
		D8FC77761993221D00F57793 /* Resources */ = {
			isa = PBXResourcesBuildPhase;
			buildActionMask = 2147483647;
			files = (
			);
			runOnlyForDeploymentPostprocessing = 0;
		};
/* End PBXResourcesBuildPhase section */

/* Begin PBXSourcesBuildPhase section */
		D8FC77621993221D00F57793 /* Sources */ = {
			isa = PBXSourcesBuildPhase;
			buildActionMask = 2147483647;
			files = (
				D8FC776E1993221D00F57793 /* ViewController.swift in Sources */,
				D8FC776C1993221D00F57793 /* AppDelegate.swift in Sources */,
			);
			runOnlyForDeploymentPostprocessing = 0;
		};
		D8FC77741993221D00F57793 /* Sources */ = {
			isa = PBXSourcesBuildPhase;
			buildActionMask = 2147483647;
			files = (
				D8FC777F1993221D00F57793 /* GitTestTests.swift in Sources */,
			);
			runOnlyForDeploymentPostprocessing = 0;
		};
/* End PBXSourcesBuildPhase section */

/* Begin PBXTargetDependency section */
		D8FC777A1993221D00F57793 /* PBXTargetDependency */ = {
			isa = PBXTargetDependency;
			target = D8FC77651993221D00F57793 /* GitTest */;
			targetProxy = D8FC77791993221D00F57793 /* PBXContainerItemProxy */;
		};
/* End PBXTargetDependency section */

/* Begin PBXVariantGroup section */
		D8FC776F1993221D00F57793 /* Main.storyboard */ = {
			isa = PBXVariantGroup;
			children = (
				D8FC77701993221D00F57793 /* Base */,
			);
			name = Main.storyboard;
			sourceTree = "<group>";
		};
/* End PBXVariantGroup section */

/* Begin XCBuildConfiguration section */
		D8FC77801993221D00F57793 /* Debug */ = {
			isa = XCBuildConfiguration;
			buildSettings = {
				ALWAYS_SEARCH_USER_PATHS = NO;
				CLANG_CXX_LANGUAGE_STANDARD = "gnu++0x";
				CLANG_CXX_LIBRARY = "libc++";
				CLANG_ENABLE_MODULES = YES;
				CLANG_ENABLE_OBJC_ARC = YES;
				CLANG_WARN_BOOL_CONVERSION = YES;
				CLANG_WARN_CONSTANT_CONVERSION = YES;
				CLANG_WARN_DIRECT_OBJC_ISA_USAGE = YES_ERROR;
				CLANG_WARN_EMPTY_BODY = YES;
				CLANG_WARN_ENUM_CONVERSION = YES;
				CLANG_WARN_INT_CONVERSION = YES;
				CLANG_WARN_OBJC_ROOT_CLASS = YES_ERROR;
				CLANG_WARN_UNREACHABLE_CODE = YES;
				CLANG_WARN__DUPLICATE_METHOD_MATCH = YES;
				"CODE_SIGN_IDENTITY[sdk=iphoneos*]" = "iPhone Developer";
				COPY_PHASE_STRIP = NO;
				ENABLE_STRICT_OBJC_MSGSEND = YES;
				GCC_C_LANGUAGE_STANDARD = gnu99;
				GCC_DYNAMIC_NO_PIC = NO;
				GCC_OPTIMIZATION_LEVEL = 0;
				GCC_PREPROCESSOR_DEFINITIONS = (
					"DEBUG=1",
					"$(inherited)",
				);
				GCC_SYMBOLS_PRIVATE_EXTERN = NO;
				GCC_WARN_64_TO_32_BIT_CONVERSION = YES;
				GCC_WARN_ABOUT_RETURN_TYPE = YES_ERROR;
				GCC_WARN_UNDECLARED_SELECTOR = YES;
				GCC_WARN_UNINITIALIZED_AUTOS = YES_AGGRESSIVE;
				GCC_WARN_UNUSED_FUNCTION = YES;
				GCC_WARN_UNUSED_VARIABLE = YES;
				IPHONEOS_DEPLOYMENT_TARGET = 8.0;
				MTL_ENABLE_DEBUG_INFO = YES;
				ONLY_ACTIVE_ARCH = YES;
				SDKROOT = iphoneos;
				SWIFT_OPTIMIZATION_LEVEL = "-Onone";
			};
			name = Debug;
		};
		D8FC77811993221D00F57793 /* Release */ = {
			isa = XCBuildConfiguration;
			buildSettings = {
				ALWAYS_SEARCH_USER_PATHS = NO;
				CLANG_CXX_LANGUAGE_STANDARD = "gnu++0x";
				CLANG_CXX_LIBRARY = "libc++";
				CLANG_ENABLE_MODULES = YES;
				CLANG_ENABLE_OBJC_ARC = YES;
				CLANG_WARN_BOOL_CONVERSION = YES;
				CLANG_WARN_CONSTANT_CONVERSION = YES;
				CLANG_WARN_DIRECT_OBJC_ISA_USAGE = YES_ERROR;
				CLANG_WARN_EMPTY_BODY = YES;
				CLANG_WARN_ENUM_CONVERSION = YES;
				CLANG_WARN_INT_CONVERSION = YES;
				CLANG_WARN_OBJC_ROOT_CLASS = YES_ERROR;
				CLANG_WARN_UNREACHABLE_CODE = YES;
				CLANG_WARN__DUPLICATE_METHOD_MATCH = YES;
				"CODE_SIGN_IDENTITY[sdk=iphoneos*]" = "iPhone Developer";
				COPY_PHASE_STRIP = YES;
				ENABLE_NS_ASSERTIONS = NO;
				ENABLE_STRICT_OBJC_MSGSEND = YES;
				GCC_C_LANGUAGE_STANDARD = gnu99;
				GCC_WARN_64_TO_32_BIT_CONVERSION = YES;
				GCC_WARN_ABOUT_RETURN_TYPE = YES_ERROR;
				GCC_WARN_UNDECLARED_SELECTOR = YES;
				GCC_WARN_UNINITIALIZED_AUTOS = YES_AGGRESSIVE;
				GCC_WARN_UNUSED_FUNCTION = YES;
				GCC_WARN_UNUSED_VARIABLE = YES;
				IPHONEOS_DEPLOYMENT_TARGET = 8.0;
				MTL_ENABLE_DEBUG_INFO = NO;
				SDKROOT = iphoneos;
				VALIDATE_PRODUCT = YES;
			};
			name = Release;
		};
		D8FC77831993221D00F57793 /* Debug */ = {
			isa = XCBuildConfiguration;
			buildSettings = {
				ASSETCATALOG_COMPILER_APPICON_NAME = AppIcon;
				ASSETCATALOG_COMPILER_LAUNCHIMAGE_NAME = LaunchImage;
				INFOPLIST_FILE = GitTest/Info.plist;
				LD_RUNPATH_SEARCH_PATHS = "$(inherited) @executable_path/Frameworks";
				PRODUCT_NAME = "$(TARGET_NAME)";
			};
			name = Debug;
		};
		D8FC77841993221D00F57793 /* Release */ = {
			isa = XCBuildConfiguration;
			buildSettings = {
				ASSETCATALOG_COMPILER_APPICON_NAME = AppIcon;
				ASSETCATALOG_COMPILER_LAUNCHIMAGE_NAME = LaunchImage;
				INFOPLIST_FILE = GitTest/Info.plist;
				LD_RUNPATH_SEARCH_PATHS = "$(inherited) @executable_path/Frameworks";
				PRODUCT_NAME = "$(TARGET_NAME)";
			};
			name = Release;
		};
		D8FC77861993221D00F57793 /* Debug */ = {
			isa = XCBuildConfiguration;
			buildSettings = {
				BUNDLE_LOADER = "$(TEST_HOST)";
				FRAMEWORK_SEARCH_PATHS = (
					"$(SDKROOT)/Developer/Library/Frameworks",
					"$(inherited)",
				);
				GCC_PREPROCESSOR_DEFINITIONS = (
					"DEBUG=1",
					"$(inherited)",
				);
				INFOPLIST_FILE = GitTestTests/Info.plist;
				LD_RUNPATH_SEARCH_PATHS = "$(inherited) @executable_path/Frameworks @loader_path/Frameworks";
				PRODUCT_NAME = "$(TARGET_NAME)";
				TEST_HOST = "$(BUILT_PRODUCTS_DIR)/GitTest.app/GitTest";
			};
			name = Debug;
		};
		D8FC77871993221D00F57793 /* Release */ = {
			isa = XCBuildConfiguration;
			buildSettings = {
				BUNDLE_LOADER = "$(TEST_HOST)";
				FRAMEWORK_SEARCH_PATHS = (
					"$(SDKROOT)/Developer/Library/Frameworks",
					"$(inherited)",
				);
				INFOPLIST_FILE = GitTestTests/Info.plist;
				LD_RUNPATH_SEARCH_PATHS = "$(inherited) @executable_path/Frameworks @loader_path/Frameworks";
				PRODUCT_NAME = "$(TARGET_NAME)";
				TEST_HOST = "$(BUILT_PRODUCTS_DIR)/GitTest.app/GitTest";
			};
			name = Release;
		};
/* End XCBuildConfiguration section */

/* Begin XCConfigurationList section */
		D8FC77611993221D00F57793 /* Build configuration list for PBXProject "GitTest" */ = {
			isa = XCConfigurationList;
			buildConfigurations = (
				D8FC77801993221D00F57793 /* Debug */,
				D8FC77811993221D00F57793 /* Release */,
			);
			defaultConfigurationIsVisible = 0;
			defaultConfigurationName = Release;
		};
		D8FC77821993221D00F57793 /* Build configuration list for PBXNativeTarget "GitTest" */ = {
			isa = XCConfigurationList;
			buildConfigurations = (
				D8FC77831993221D00F57793 /* Debug */,
				D8FC77841993221D00F57793 /* Release */,
			);
			defaultConfigurationIsVisible = 0;
		};
		D8FC77851993221D00F57793 /* Build configuration list for PBXNativeTarget "GitTestTests" */ = {
			isa = XCConfigurationList;
			buildConfigurations = (
				D8FC77861993221D00F57793 /* Debug */,
				D8FC77871993221D00F57793 /* Release */,
			);
			defaultConfigurationIsVisible = 0;
		};
/* End XCConfigurationList section */
	};
	rootObject = D8FC775E1993221D00F57793 /* Project object */;
}
